
Microsoft Visual Studio Solution File, Format Version 12.00
# Visual Studio Version 16
VisualStudioVersion = 16.0.31424.327
MinimumVisualStudioVersion = 10.0.40219.1
Project("{FAE04EC0-301F-11D3-BF4B-00C04F79EFBC}") = "Movies.Api", "Movies.Api\Movies.Api.csproj", "{6157C5DC-CD93-44A1-B4CF-E1395EFF4C58}"
EndProject
Project("{FAE04EC0-301F-11D3-BF4B-00C04F79EFBC}") = "IdentityServer", "IdentityServer\IdentityServer.csproj", "{3086E1C2-1D9F-4979-86C5-E32ECCED4963}"
EndProject
Project("{FAE04EC0-301F-11D3-BF4B-00C04F79EFBC}") = "Movies.Client", "Movies.Client\Movies.Client.csproj", "{589AF546-4285-453D-B31D-46E2EA6C54F4}"
EndProject
Global
	GlobalSection(SolutionConfigurationPlatforms) = preSolution
		Debug|Any CPU = Debug|Any CPU
		Release|Any CPU = Release|Any CPU
	EndGlobalSection
	GlobalSection(ProjectConfigurationPlatforms) = postSolution
		{6157C5DC-CD93-44A1-B4CF-E1395EFF4C58}.Debug|Any CPU.ActiveCfg = Debug|Any CPU
		{6157C5DC-CD93-44A1-B4CF-E1395EFF4C58}.Debug|Any CPU.Build.0 = Debug|Any CPU
		{6157C5DC-CD93-44A1-B4CF-E1395EFF4C58}.Release|Any CPU.ActiveCfg = Release|Any CPU
		{6157C5DC-CD93-44A1-B4CF-E1395EFF4C58}.Release|Any CPU.Build.0 = Release|Any CPU
		{3086E1C2-1D9F-4979-86C5-E32ECCED4963}.Debug|Any CPU.ActiveCfg = Debug|Any CPU
		{3086E1C2-1D9F-4979-86C5-E32ECCED4963}.Debug|Any CPU.Build.0 = Debug|Any CPU
		{3086E1C2-1D9F-4979-86C5-E32ECCED4963}.Release|Any CPU.ActiveCfg = Release|Any CPU
		{3086E1C2-1D9F-4979-86C5-E32ECCED4963}.Release|Any CPU.Build.0 = Release|Any CPU
		{589AF546-4285-453D-B31D-46E2EA6C54F4}.Debug|Any CPU.ActiveCfg = Debug|Any CPU
		{589AF546-4285-453D-B31D-46E2EA6C54F4}.Debug|Any CPU.Build.0 = Debug|Any CPU
		{589AF546-4285-453D-B31D-46E2EA6C54F4}.Release|Any CPU.ActiveCfg = Release|Any CPU
		{589AF546-4285-453D-B31D-46E2EA6C54F4}.Release|Any CPU.Build.0 = Release|Any CPU
	EndGlobalSection
	GlobalSection(SolutionProperties) = preSolution
		HideSolutionNode = FALSE
	EndGlobalSection
	GlobalSection(ExtensibilityGlobals) = postSolution
		SolutionGuid = {6281DD0F-4202-49FE-BD67-403EC2DFD70A}
	EndGlobalSection
EndGlobal
